PODS:
  - AsyncDisplayKit (1.9.74):
    - AsyncDisplayKit/PINRemoteImage (= 1.9.74)
  - AsyncDisplayKit/ASDealloc2MainObject (1.9.74)
  - AsyncDisplayKit/Core (1.9.74):
    - AsyncDisplayKit/ASDealloc2MainObject
  - AsyncDisplayKit/PINRemoteImage (1.9.74):
    - AsyncDisplayKit/Core
    - PINRemoteImage/iOS (>= 3.0.0-beta.2)
  - iOS-Echarts (1.1.7)
  - PINCache (2.2.2)
  - PINRemoteImage/Core (3.0.0-beta.2):
    - PINCache (>= 2.1)
  - PINRemoteImage/iOS (3.0.0-beta.2):
    - PINRemoteImage/Core
  - pop (1.0.9)
  - YYKit (1.0.6):
    - YYKit/no-arc (= 1.0.6)
  - YYKit/no-arc (1.0.6)
  - ZCharts (2.0.0)
  - ZXPAutoLayout (1.3.5)

DEPENDENCIES:
  - AsyncDisplayKit
  - iOS-Echarts
  - pop
  - YYKit
  - ZCharts
  - ZXPAutoLayout

SPEC CHECKSUMS:
  AsyncDisplayKit: cbd10f28030c0b904cef1bd8e7d96d775c5b0484
  iOS-Echarts: 898bb0352fcf4af48277027798a4abd6c69d3fa5
  PINCache: 078426d356ab95ef875e9e62e5c35a2ea3333c28
  PINRemoteImage: 197554c5ba57a6ae90f5db441651180039fc9062
  pop: f667631a5108a2e60d9e8797c9b32ddaf2080bce
  YYKit: a80c77ab7be226ebe539ef1495dfc25d5766d61e
  ZCharts: eb5e3c33fb4c561c3696adbc08b720fe4758a28f
  ZXPAutoLayout: 7a636d1e9675ab185fd507a327c406fab57e86a9

COCOAPODS: 0.39.0
